# This file is generated by running "yarn install" inside your project.
# Manual changes might be lost - proceed with caution!

__metadata:
  version: 5
  cacheKey: 8

"@types/fs-extra@npm:^9.0.13":
  version: 9.0.13
  resolution: "@types/fs-extra@npm:9.0.13"
  dependencies:
    "@types/node": "*"
  checksum: add79e212acd5ac76b97b9045834e03a7996aef60a814185e0459088fd290519a3c1620865d588fa36c4498bf614210d2a703af5cf80aa1dbc125db78f6edac3
  languageName: node
  linkType: hard

"@types/lodash@npm:^4.14.176":
  version: 4.14.182
  resolution: "@types/lodash@npm:4.14.182"
  checksum: 7dd137aa9dbabd632408bd37009d984655164fa1ecc3f2b6eb94afe35bf0a5852cbab6183148d883e9c73a958b7fec9a9bcf7c8e45d41195add6a18c34958209
  languageName: node
  linkType: hard

"@types/node@npm:*":
  version: 17.0.27
  resolution: "@types/node@npm:17.0.27"
  checksum: 6645ca813c24dcb9893729ed6f87a9e415d6df03cb3e1ececa3a03ca845d3324c3808b4dc79c08a4b3c7d1ccd515e6d7e004db9c9123c9333e963675238e39fc
  languageName: node
  linkType: hard

"@types/node@npm:^16.11.0":
  version: 16.11.29
  resolution: "@types/node@npm:16.11.29"
  checksum: efb3a716a638baa7bf8f281d8f91102a7df452804f4cfbdd3a0f36d581cddc56446eac6b1ed041e27841f316de5d858080f98516ccf306fda9d6f8c3c68c2e17
  languageName: node
  linkType: hard

"@types/prompts@npm:^2.0.14":
  version: 2.4.0
  resolution: "@types/prompts@npm:2.4.0"
  checksum: ec75655f07fbc3cb2df60a3e3bdd13bfda0554a16f5541285c4b1cc0610756838a2863dccfc911cbb1385492054c07210512164e3dbef272ec638d631783b278
  languageName: node
  linkType: hard

"esbuild-android-arm64@npm:0.13.15":
  version: 0.13.15
  resolution: "esbuild-android-arm64@npm:0.13.15"
  conditions: os=android & cpu=arm64
  languageName: node
  linkType: hard

"esbuild-darwin-64@npm:0.13.15":
  version: 0.13.15
  resolution: "esbuild-darwin-64@npm:0.13.15"
  conditions: os=darwin & cpu=x64
  languageName: node
  linkType: hard

"esbuild-darwin-arm64@npm:0.13.15":
  version: 0.13.15
  resolution: "esbuild-darwin-arm64@npm:0.13.15"
  conditions: os=darwin & cpu=arm64
  languageName: node
  linkType: hard

"esbuild-freebsd-64@npm:0.13.15":
  version: 0.13.15
  resolution: "esbuild-freebsd-64@npm:0.13.15"
  conditions: os=freebsd & cpu=x64
  languageName: node
  linkType: hard

"esbuild-freebsd-arm64@npm:0.13.15":
  version: 0.13.15
  resolution: "esbuild-freebsd-arm64@npm:0.13.15"
  conditions: os=freebsd & cpu=arm64
  languageName: node
  linkType: hard

"esbuild-linux-32@npm:0.13.15":
  version: 0.13.15
  resolution: "esbuild-linux-32@npm:0.13.15"
  conditions: os=linux & cpu=ia32
  languageName: node
  linkType: hard

"esbuild-linux-64@npm:0.13.15":
  version: 0.13.15
  resolution: "esbuild-linux-64@npm:0.13.15"
  conditions: os=linux & cpu=x64
  languageName: node
  linkType: hard

"esbuild-linux-arm64@npm:0.13.15":
  version: 0.13.15
  resolution: "esbuild-linux-arm64@npm:0.13.15"
  conditions: os=linux & cpu=arm64
  languageName: node
  linkType: hard

"esbuild-linux-arm@npm:0.13.15":
  version: 0.13.15
  resolution: "esbuild-linux-arm@npm:0.13.15"
  conditions: os=linux & cpu=arm
  languageName: node
  linkType: hard

"esbuild-linux-mips64le@npm:0.13.15":
  version: 0.13.15
  resolution: "esbuild-linux-mips64le@npm:0.13.15"
  conditions: os=linux & cpu=mips64el
  languageName: node
  linkType: hard

"esbuild-linux-ppc64le@npm:0.13.15":
  version: 0.13.15
  resolution: "esbuild-linux-ppc64le@npm:0.13.15"
  conditions: os=linux & cpu=ppc64
  languageName: node
  linkType: hard

"esbuild-netbsd-64@npm:0.13.15":
  version: 0.13.15
  resolution: "esbuild-netbsd-64@npm:0.13.15"
  conditions: os=netbsd & cpu=x64
  languageName: node
  linkType: hard

"esbuild-openbsd-64@npm:0.13.15":
  version: 0.13.15
  resolution: "esbuild-openbsd-64@npm:0.13.15"
  conditions: os=openbsd & cpu=x64
  languageName: node
  linkType: hard

"esbuild-sunos-64@npm:0.13.15":
  version: 0.13.15
  resolution: "esbuild-sunos-64@npm:0.13.15"
  conditions: os=sunos & cpu=x64
  languageName: node
  linkType: hard

"esbuild-windows-32@npm:0.13.15":
  version: 0.13.15
  resolution: "esbuild-windows-32@npm:0.13.15"
  conditions: os=win32 & cpu=ia32
  languageName: node
  linkType: hard

"esbuild-windows-64@npm:0.13.15":
  version: 0.13.15
  resolution: "esbuild-windows-64@npm:0.13.15"
  conditions: os=win32 & cpu=x64
  languageName: node
  linkType: hard

"esbuild-windows-arm64@npm:0.13.15":
  version: 0.13.15
  resolution: "esbuild-windows-arm64@npm:0.13.15"
  conditions: os=win32 & cpu=arm64
  languageName: node
  linkType: hard

"esbuild@npm:^0.13.7":
  version: 0.13.15
  resolution: "esbuild@npm:0.13.15"
  dependencies:
    esbuild-android-arm64: 0.13.15
    esbuild-darwin-64: 0.13.15
    esbuild-darwin-arm64: 0.13.15
    esbuild-freebsd-64: 0.13.15
    esbuild-freebsd-arm64: 0.13.15
    esbuild-linux-32: 0.13.15
    esbuild-linux-64: 0.13.15
    esbuild-linux-arm: 0.13.15
    esbuild-linux-arm64: 0.13.15
    esbuild-linux-mips64le: 0.13.15
    esbuild-linux-ppc64le: 0.13.15
    esbuild-netbsd-64: 0.13.15
    esbuild-openbsd-64: 0.13.15
    esbuild-sunos-64: 0.13.15
    esbuild-windows-32: 0.13.15
    esbuild-windows-64: 0.13.15
    esbuild-windows-arm64: 0.13.15
  dependenciesMeta:
    esbuild-android-arm64:
      optional: true
    esbuild-darwin-64:
      optional: true
    esbuild-darwin-arm64:
      optional: true
    esbuild-freebsd-64:
      optional: true
    esbuild-freebsd-arm64:
      optional: true
    esbuild-linux-32:
      optional: true
    esbuild-linux-64:
      optional: true
    esbuild-linux-arm:
      optional: true
    esbuild-linux-arm64:
      optional: true
    esbuild-linux-mips64le:
      optional: true
    esbuild-linux-ppc64le:
      optional: true
    esbuild-netbsd-64:
      optional: true
    esbuild-openbsd-64:
      optional: true
    esbuild-sunos-64:
      optional: true
    esbuild-windows-32:
      optional: true
    esbuild-windows-64:
      optional: true
    esbuild-windows-arm64:
      optional: true
  bin:
    esbuild: bin/esbuild
  checksum: d5fac8f28a6328592e45f9d49a7e98420cf2c2a3ff5a753bbf011ab79bcb5c062209ef862d3ae0875d8f2a50d40c112b0224e8b419a7cbffc6e2b02cee11ef7e
  languageName: node
  linkType: hard

"fdir@npm:^5.1.0":
  version: 5.2.0
  resolution: "fdir@npm:5.2.0"
  checksum: bbea83530389d8ff79cfc59ea047b32b3c4b4338f293df855f62a25d9f476c3b9e112136595355785b7c5922e072556757bb44142e69c542269f9bd15da52e6b
  languageName: node
  linkType: hard

"fs-extra@npm:^10.0.0":
  version: 10.1.0
  resolution: "fs-extra@npm:10.1.0"
  dependencies:
    graceful-fs: ^4.2.0
    jsonfile: ^6.0.1
    universalify: ^2.0.0
  checksum: dc94ab37096f813cc3ca12f0f1b5ad6744dfed9ed21e953d72530d103cea193c2f81584a39e9dee1bea36de5ee66805678c0dddc048e8af1427ac19c00fffc50
  languageName: node
  linkType: hard

"graceful-fs@npm:^4.1.6, graceful-fs@npm:^4.2.0":
  version: 4.2.10
  resolution: "graceful-fs@npm:4.2.10"
  checksum: 3f109d70ae123951905d85032ebeae3c2a5a7a997430df00ea30df0e3a6c60cf6689b109654d6fdacd28810a053348c4d14642da1d075049e6be1ba5216218da
  languageName: node
  linkType: hard

"jsonfile@npm:^6.0.1":
  version: 6.1.0
  resolution: "jsonfile@npm:6.1.0"
  dependencies:
    graceful-fs: ^4.1.6
    universalify: ^2.0.0
  dependenciesMeta:
    graceful-fs:
      optional: true
  checksum: 7af3b8e1ac8fe7f1eccc6263c6ca14e1966fcbc74b618d3c78a0a2075579487547b94f72b7a1114e844a1e15bb00d440e5d1720bfc4612d790a6f285d5ea8354
  languageName: node
  linkType: hard

"kleur@npm:^3.0.3":
  version: 3.0.3
  resolution: "kleur@npm:3.0.3"
  checksum: df82cd1e172f957bae9c536286265a5cdbd5eeca487cb0a3b2a7b41ef959fc61f8e7c0e9aeea9c114ccf2c166b6a8dd45a46fd619c1c569d210ecd2765ad5169
  languageName: node
  linkType: hard

"lodash@npm:^4.17.21":
  version: 4.17.21
  resolution: "lodash@npm:4.17.21"
  checksum: eb835a2e51d381e561e508ce932ea50a8e5a68f4ebdd771ea240d3048244a8d13658acbd502cd4829768c56f2e16bdd4340b9ea141297d472517b83868e677f7
  languageName: node
  linkType: hard

"maincli@workspace:.":
  version: 0.0.0-use.local
  resolution: "maincli@workspace:."
  dependencies:
    "@types/fs-extra": ^9.0.13
    "@types/lodash": ^4.14.176
    "@types/node": ^16.11.0
    "@types/prompts": ^2.0.14
    esbuild: ^0.13.7
    fdir: ^5.1.0
    fs-extra: ^10.0.0
    lodash: ^4.17.21
    nanospinner: ^1.1.0
    picomatch: ^2.3.0
    prettier: ^2.4.1
    prompts: ^2.4.2
    typescript: ^4.4.4
  bin:
    main: ./dist/cli.cjs
  languageName: unknown
  linkType: soft

"nanospinner@npm:^1.1.0":
  version: 1.1.0
  resolution: "nanospinner@npm:1.1.0"
  dependencies:
    picocolors: ^1.0.0
  checksum: 797f0a7c8b053d6fb5188d73e63bab44dec97ff0e7b67ac3d55e9356c6fe002f5af691a9d1232ca086e1fb19301d11c979dc5b0c56e6700004a96c19dfded8f0
  languageName: node
  linkType: hard

"picocolors@npm:^1.0.0":
  version: 1.0.0
  resolution: "picocolors@npm:1.0.0"
  checksum: a2e8092dd86c8396bdba9f2b5481032848525b3dc295ce9b57896f931e63fc16f79805144321f72976383fc249584672a75cc18d6777c6b757603f372f745981
  languageName: node
  linkType: hard

"picomatch@npm:^2.3.0":
  version: 2.3.1
  resolution: "picomatch@npm:2.3.1"
  checksum: 050c865ce81119c4822c45d3c84f1ced46f93a0126febae20737bd05ca20589c564d6e9226977df859ed5e03dc73f02584a2b0faad36e896936238238b0446cf
  languageName: node
  linkType: hard

"prettier@npm:^2.4.1":
  version: 2.6.2
  resolution: "prettier@npm:2.6.2"
  bin:
    prettier: bin-prettier.js
  checksum: 48d08dde8e9fb1f5bccdd205baa7f192e9fc8bc98f86e1b97d919de804e28c806b0e6cc685e4a88211aa7987fa9668f30baae19580d87ced3ed0f2ec6572106f
  languageName: node
  linkType: hard

"prompts@npm:^2.4.2":
  version: 2.4.2
  resolution: "prompts@npm:2.4.2"
  dependencies:
    kleur: ^3.0.3
    sisteransi: ^1.0.5
  checksum: d8fd1fe63820be2412c13bfc5d0a01909acc1f0367e32396962e737cb2fc52d004f3302475d5ce7d18a1e8a79985f93ff04ee03007d091029c3f9104bffc007d
  languageName: node
  linkType: hard

"sisteransi@npm:^1.0.5":
  version: 1.0.5
  resolution: "sisteransi@npm:1.0.5"
  checksum: aba6438f46d2bfcef94cf112c835ab395172c75f67453fe05c340c770d3c402363018ae1ab4172a1026a90c47eaccf3af7b6ff6fa749a680c2929bd7fa2b37a4
  languageName: node
  linkType: hard

"typescript@npm:^4.4.4":
  version: 4.6.3
  resolution: "typescript@npm:4.6.3"
  bin:
    tsc: bin/tsc
    tsserver: bin/tsserver
  checksum: 255bb26c8cb846ca689dd1c3a56587af4f69055907aa2c154796ea28ee0dea871535b1c78f85a6212c77f2657843a269c3a742d09d81495b97b914bf7920415b
  languageName: node
  linkType: hard

"typescript@patch:typescript@^4.4.4#~builtin<compat/typescript>":
  version: 4.6.3
  resolution: "typescript@patch:typescript@npm%3A4.6.3#~builtin<compat/typescript>::version=4.6.3&hash=ddd1e8"
  bin:
    tsc: bin/tsc
    tsserver: bin/tsserver
  checksum: fe6bdc1afb2f145ddb7b0a3a31f96352209f6a5704d97f038414ea22ff9d8dd42f32cfb6652e30458d7d958d2d4e85de2df11c574899c6f750a6b3c0e90a3a76
  languageName: node
  linkType: hard

"universalify@npm:^2.0.0":
  version: 2.0.0
  resolution: "universalify@npm:2.0.0"
  checksum: 2406a4edf4a8830aa6813278bab1f953a8e40f2f63a37873ffa9a3bc8f9745d06cc8e88f3572cb899b7e509013f7f6fcc3e37e8a6d914167a5381d8440518c44
  languageName: node
  linkType: hard
